// !$*UTF8*$!
{
	archiveVersion = 1;
	classes = {
	};
	objectVersion = 46;
	objects = {

/* Begin PBXBuildFile section */
		4916AE9018AFEEBD00A45A8C /* Parse.framework in Frameworks */ = {isa = PBXBuildFile; fileRef = 4916AE8F18AFEEBD00A45A8C /* Parse.framework */; };
		4916AE9218AFEEDF00A45A8C /* AudioToolbox.framework in Frameworks */ = {isa = PBXBuildFile; fileRef = 4916AE9118AFEEDF00A45A8C /* AudioToolbox.framework */; };
		4916AE9418AFEEE500A45A8C /* CFNetwork.framework in Frameworks */ = {isa = PBXBuildFile; fileRef = 4916AE9318AFEEE500A45A8C /* CFNetwork.framework */; };
		4916AE9618AFEEF200A45A8C /* CoreLocation.framework in Frameworks */ = {isa = PBXBuildFile; fileRef = 4916AE9518AFEEF200A45A8C /* CoreLocation.framework */; };
		4916AE9818AFEEF800A45A8C /* libz.dylib in Frameworks */ = {isa = PBXBuildFile; fileRef = 4916AE9718AFEEF800A45A8C /* libz.dylib */; };
		4916AE9A18AFEEFF00A45A8C /* MobileCoreServices.framework in Frameworks */ = {isa = PBXBuildFile; fileRef = 4916AE9918AFEEFF00A45A8C /* MobileCoreServices.framework */; };
		4916AE9C18AFEF0500A45A8C /* QuartzCore.framework in Frameworks */ = {isa = PBXBuildFile; fileRef = 4916AE9B18AFEF0500A45A8C /* QuartzCore.framework */; };
		4916AE9E18AFEF0A00A45A8C /* Security.framework in Frameworks */ = {isa = PBXBuildFile; fileRef = 4916AE9D18AFEF0A00A45A8C /* Security.framework */; };
		4916AEA018AFEF0F00A45A8C /* StoreKit.framework in Frameworks */ = {isa = PBXBuildFile; fileRef = 4916AE9F18AFEF0F00A45A8C /* StoreKit.framework */; };
		4916AEA218AFEF1500A45A8C /* SystemConfiguration.framework in Frameworks */ = {isa = PBXBuildFile; fileRef = 4916AEA118AFEF1500A45A8C /* SystemConfiguration.framework */; };
		4916AEA518AFF6CB00A45A8C /* UserViewController.m in Sources */ = {isa = PBXBuildFile; fileRef = 4916AEA418AFF6CB00A45A8C /* UserViewController.m */; };
		4916AEAE18B0083100A45A8C /* LoginViewController.m in Sources */ = {isa = PBXBuildFile; fileRef = 4916AEAD18B0083100A45A8C /* LoginViewController.m */; };
		4916AEB118B0083D00A45A8C /* SignupViewController.m in Sources */ = {isa = PBXBuildFile; fileRef = 4916AEB018B0083D00A45A8C /* SignupViewController.m */; };
		4916AEB318B066AC00A45A8C /* FacebookSDK.framework in Frameworks */ = {isa = PBXBuildFile; fileRef = 4916AEB218B066AC00A45A8C /* FacebookSDK.framework */; };
		4920FDDE18C67FF700653628 /* AVFoundation.framework in Frameworks */ = {isa = PBXBuildFile; fileRef = 4920FDDD18C67FF700653628 /* AVFoundation.framework */; };
		4920FDE718C6B45000653628 /* Deck.m in Sources */ = {isa = PBXBuildFile; fileRef = 4920FDE618C6B45000653628 /* Deck.m */; };
		4924562418C9052300CAAEB1 /* Nine.png in Resources */ = {isa = PBXBuildFile; fileRef = 4924561A18C9052300CAAEB1 /* Nine.png */; };
		4924562518C9052300CAAEB1 /* Ten.png in Resources */ = {isa = PBXBuildFile; fileRef = 4924561B18C9052300CAAEB1 /* Ten.png */; };
		4924562618C9052300CAAEB1 /* Eight.png in Resources */ = {isa = PBXBuildFile; fileRef = 4924561C18C9052300CAAEB1 /* Eight.png */; };
		4924562718C9052300CAAEB1 /* Seven.png in Resources */ = {isa = PBXBuildFile; fileRef = 4924561D18C9052300CAAEB1 /* Seven.png */; };
		4924562818C9052300CAAEB1 /* Six.png in Resources */ = {isa = PBXBuildFile; fileRef = 4924561E18C9052300CAAEB1 /* Six.png */; };
		4924562918C9052300CAAEB1 /* Five.png in Resources */ = {isa = PBXBuildFile; fileRef = 4924561F18C9052300CAAEB1 /* Five.png */; };
		4924562A18C9052300CAAEB1 /* Three.png in Resources */ = {isa = PBXBuildFile; fileRef = 4924562018C9052300CAAEB1 /* Three.png */; };
		4924562B18C9052300CAAEB1 /* Four.png in Resources */ = {isa = PBXBuildFile; fileRef = 4924562118C9052300CAAEB1 /* Four.png */; };
		4924562C18C9052300CAAEB1 /* Two.png in Resources */ = {isa = PBXBuildFile; fileRef = 4924562218C9052300CAAEB1 /* Two.png */; };
		4924562D18C9052300CAAEB1 /* One.png in Resources */ = {isa = PBXBuildFile; fileRef = 4924562318C9052300CAAEB1 /* One.png */; };
		49247B8018B27EAA00A0CDE7 /* elephant.png in Resources */ = {isa = PBXBuildFile; fileRef = 49247B7F18B27EAA00A0CDE7 /* elephant.png */; };
		4927F45118AC3A1E005257CF /* Foundation.framework in Frameworks */ = {isa = PBXBuildFile; fileRef = 4927F45018AC3A1E005257CF /* Foundation.framework */; };
		4927F45318AC3A1E005257CF /* CoreGraphics.framework in Frameworks */ = {isa = PBXBuildFile; fileRef = 4927F45218AC3A1E005257CF /* CoreGraphics.framework */; };
		4927F45518AC3A1E005257CF /* UIKit.framework in Frameworks */ = {isa = PBXBuildFile; fileRef = 4927F45418AC3A1E005257CF /* UIKit.framework */; };
		4927F45B18AC3A1E005257CF /* InfoPlist.strings in Resources */ = {isa = PBXBuildFile; fileRef = 4927F45918AC3A1E005257CF /* InfoPlist.strings */; };
		4927F45D18AC3A1E005257CF /* main.m in Sources */ = {isa = PBXBuildFile; fileRef = 4927F45C18AC3A1E005257CF /* main.m */; };
		4927F46118AC3A1E005257CF /* AppDelegate.m in Sources */ = {isa = PBXBuildFile; fileRef = 4927F46018AC3A1E005257CF /* AppDelegate.m */; };
		4927F46418AC3A1E005257CF /* Main.storyboard in Resources */ = {isa = PBXBuildFile; fileRef = 4927F46218AC3A1E005257CF /* Main.storyboard */; };
		4927F46718AC3A1E005257CF /* RootViewController.m in Sources */ = {isa = PBXBuildFile; fileRef = 4927F46618AC3A1E005257CF /* RootViewController.m */; };
		4927F46918AC3A1E005257CF /* Images.xcassets in Resources */ = {isa = PBXBuildFile; fileRef = 4927F46818AC3A1E005257CF /* Images.xcassets */; };
		4927F47018AC3A1E005257CF /* XCTest.framework in Frameworks */ = {isa = PBXBuildFile; fileRef = 4927F46F18AC3A1E005257CF /* XCTest.framework */; };
		4927F47118AC3A1E005257CF /* Foundation.framework in Frameworks */ = {isa = PBXBuildFile; fileRef = 4927F45018AC3A1E005257CF /* Foundation.framework */; };
		4927F47218AC3A1E005257CF /* UIKit.framework in Frameworks */ = {isa = PBXBuildFile; fileRef = 4927F45418AC3A1E005257CF /* UIKit.framework */; };
		4927F47A18AC3A1E005257CF /* InfoPlist.strings in Resources */ = {isa = PBXBuildFile; fileRef = 4927F47818AC3A1E005257CF /* InfoPlist.strings */; };
		4927F47C18AC3A1E005257CF /* AamMangoTests.m in Sources */ = {isa = PBXBuildFile; fileRef = 4927F47B18AC3A1E005257CF /* AamMangoTests.m */; };
		4927F49018AC5D7C005257CF /* menu.png in Resources */ = {isa = PBXBuildFile; fileRef = 4927F48F18AC5D7C005257CF /* menu.png */; };
		49344FC518CF30940043AD1B /* DeckManager.m in Sources */ = {isa = PBXBuildFile; fileRef = 49344FC418CF30940043AD1B /* DeckManager.m */; };
		494A8F7918B2F3A100C8F8DF /* Utility.m in Sources */ = {isa = PBXBuildFile; fileRef = 494A8F7818B2F3A100C8F8DF /* Utility.m */; };
		494A8F7C18B2F58900C8F8DF /* UIImage+ResizeAdditions.m in Sources */ = {isa = PBXBuildFile; fileRef = 494A8F7B18B2F58900C8F8DF /* UIImage+ResizeAdditions.m */; };
		494A8F8718B2F61C00C8F8DF /* UIImage+Alpha.m in Sources */ = {isa = PBXBuildFile; fileRef = 494A8F8218B2F61C00C8F8DF /* UIImage+Alpha.m */; };
		494A8F8818B2F61C00C8F8DF /* UIImage+AlphaAdditions.m in Sources */ = {isa = PBXBuildFile; fileRef = 494A8F8418B2F61C00C8F8DF /* UIImage+AlphaAdditions.m */; };
		494A8F8918B2F61C00C8F8DF /* UIImage+RoundedCornerAdditions.m in Sources */ = {isa = PBXBuildFile; fileRef = 494A8F8618B2F61C00C8F8DF /* UIImage+RoundedCornerAdditions.m */; };
		494A8F8C18B2F97D00C8F8DF /* PAPCache.m in Sources */ = {isa = PBXBuildFile; fileRef = 494A8F8B18B2F97D00C8F8DF /* PAPCache.m */; };
		495070BB18C7E72B009C0675 /* libz.1.1.3.dylib in Frameworks */ = {isa = PBXBuildFile; fileRef = 495070BA18C7E72B009C0675 /* libz.1.1.3.dylib */; };
		4989822418AD26A000A0F985 /* libsqlite3.dylib in Frameworks */ = {isa = PBXBuildFile; fileRef = 4989822318AD26A000A0F985 /* libsqlite3.dylib */; };
		499904EF18D2476400B3A237 /* AcousticModelEnglish.bundle in Resources */ = {isa = PBXBuildFile; fileRef = 499904EB18D2476400B3A237 /* AcousticModelEnglish.bundle */; };
		499904F018D2476400B3A237 /* AcousticModelSpanish.bundle in Resources */ = {isa = PBXBuildFile; fileRef = 499904EC18D2476400B3A237 /* AcousticModelSpanish.bundle */; };
		499904F118D2476400B3A237 /* OpenEars.framework in Frameworks */ = {isa = PBXBuildFile; fileRef = 499904ED18D2476400B3A237 /* OpenEars.framework */; };
		499904F218D2476400B3A237 /* Slt.framework in Frameworks */ = {isa = PBXBuildFile; fileRef = 499904EE18D2476400B3A237 /* Slt.framework */; };
		49A3ED7318ADCC0A00895B23 /* LaunchImage.png in Resources */ = {isa = PBXBuildFile; fileRef = 49A3ED7018ADCC0A00895B23 /* LaunchImage.png */; };
		49A3ED7518ADCC0A00895B23 /* logo.png in Resources */ = {isa = PBXBuildFile; fileRef = 49A3ED7218ADCC0A00895B23 /* logo.png */; };
		49BA4A2C18D5E1CE002A67D6 /* AcousticModelEnglish.bundle in Resources */ = {isa = PBXBuildFile; fileRef = 49BA4A2818D5E1CE002A67D6 /* AcousticModelEnglish.bundle */; };
		49BA4A2D18D5E1CE002A67D6 /* AcousticModelSpanish.bundle in Resources */ = {isa = PBXBuildFile; fileRef = 49BA4A2918D5E1CE002A67D6 /* AcousticModelSpanish.bundle */; };
		49BA4A2E18D5E1CE002A67D6 /* OpenEars.framework in Frameworks */ = {isa = PBXBuildFile; fileRef = 49BA4A2A18D5E1CE002A67D6 /* OpenEars.framework */; };
		49BA4A2F18D5E1CE002A67D6 /* Slt.framework in Frameworks */ = {isa = PBXBuildFile; fileRef = 49BA4A2B18D5E1CE002A67D6 /* Slt.framework */; };
		49BA4A3218D5E473002A67D6 /* OfflineRecognition.m in Sources */ = {isa = PBXBuildFile; fileRef = 49BA4A3118D5E473002A67D6 /* OfflineRecognition.m */; };
		49D3290118B1224A0098176B /* ProfileViewController.m in Sources */ = {isa = PBXBuildFile; fileRef = 49D3290018B1224A0098176B /* ProfileViewController.m */; };
		49D7DAC318AD512E0056D115 /* TopicContentViewController.m in Sources */ = {isa = PBXBuildFile; fileRef = 49D7DAC218AD512E0056D115 /* TopicContentViewController.m */; };
		49D84BCB18AC678B00A67C03 /* TopicViewController.m in Sources */ = {isa = PBXBuildFile; fileRef = 49D84BCA18AC678B00A67C03 /* TopicViewController.m */; };
		49D84BCE18AC738300A67C03 /* Card.m in Sources */ = {isa = PBXBuildFile; fileRef = 49D84BCD18AC738300A67C03 /* Card.m */; };
		49D84BD418AC7E0900A67C03 /* AamMango-57.png in Resources */ = {isa = PBXBuildFile; fileRef = 49D84BD318AC7E0900A67C03 /* AamMango-57.png */; };
		49D84BD718AC7E7100A67C03 /* AamMango-29.png in Resources */ = {isa = PBXBuildFile; fileRef = 49D84BD518AC7E7100A67C03 /* AamMango-29.png */; };
		49D84BD818AC7E7100A67C03 /* AamMango-40.png in Resources */ = {isa = PBXBuildFile; fileRef = 49D84BD618AC7E7100A67C03 /* AamMango-40.png */; };
/* End PBXBuildFile section */

/* Begin PBXContainerItemProxy section */
		4927F47318AC3A1E005257CF /* PBXContainerItemProxy */ = {
			isa = PBXContainerItemProxy;
			containerPortal = 4927F44518AC3A1E005257CF /* Project object */;
			proxyType = 1;
			remoteGlobalIDString = 4927F44C18AC3A1E005257CF;
			remoteInfo = AamMango;
		};
/* End PBXContainerItemProxy section */

/* Begin PBXFileReference section */
		4916AE8F18AFEEBD00A45A8C /* Parse.framework */ = {isa = PBXFileReference; lastKnownFileType = wrapper.framework; path = Parse.framework; sourceTree = "<group>"; };
		4916AE9118AFEEDF00A45A8C /* AudioToolbox.framework */ = {isa = PBXFileReference; lastKnownFileType = wrapper.framework; name = AudioToolbox.framework; path = System/Library/Frameworks/AudioToolbox.framework; sourceTree = SDKROOT; };
		4916AE9318AFEEE500A45A8C /* CFNetwork.framework */ = {isa = PBXFileReference; lastKnownFileType = wrapper.framework; name = CFNetwork.framework; path = System/Library/Frameworks/CFNetwork.framework; sourceTree = SDKROOT; };
		4916AE9518AFEEF200A45A8C /* CoreLocation.framework */ = {isa = PBXFileReference; lastKnownFileType = wrapper.framework; name = CoreLocation.framework; path = System/Library/Frameworks/CoreLocation.framework; sourceTree = SDKROOT; };
		4916AE9718AFEEF800A45A8C /* libz.dylib */ = {isa = PBXFileReference; lastKnownFileType = "compiled.mach-o.dylib"; name = libz.dylib; path = usr/lib/libz.dylib; sourceTree = SDKROOT; };
		4916AE9918AFEEFF00A45A8C /* MobileCoreServices.framework */ = {isa = PBXFileReference; lastKnownFileType = wrapper.framework; name = MobileCoreServices.framework; path = System/Library/Frameworks/MobileCoreServices.framework; sourceTree = SDKROOT; };
		4916AE9B18AFEF0500A45A8C /* QuartzCore.framework */ = {isa = PBXFileReference; lastKnownFileType = wrapper.framework; name = QuartzCore.framework; path = System/Library/Frameworks/QuartzCore.framework; sourceTree = SDKROOT; };
		4916AE9D18AFEF0A00A45A8C /* Security.framework */ = {isa = PBXFileReference; lastKnownFileType = wrapper.framework; name = Security.framework; path = System/Library/Frameworks/Security.framework; sourceTree = SDKROOT; };
		4916AE9F18AFEF0F00A45A8C /* StoreKit.framework */ = {isa = PBXFileReference; lastKnownFileType = wrapper.framework; name = StoreKit.framework; path = System/Library/Frameworks/StoreKit.framework; sourceTree = SDKROOT; };
		4916AEA118AFEF1500A45A8C /* SystemConfiguration.framework */ = {isa = PBXFileReference; lastKnownFileType = wrapper.framework; name = SystemConfiguration.framework; path = System/Library/Frameworks/SystemConfiguration.framework; sourceTree = SDKROOT; };
		4916AEA318AFF6CB00A45A8C /* UserViewController.h */ = {isa = PBXFileReference; fileEncoding = 4; lastKnownFileType = sourcecode.c.h; path = UserViewController.h; sourceTree = "<group>"; };
		4916AEA418AFF6CB00A45A8C /* UserViewController.m */ = {isa = PBXFileReference; fileEncoding = 4; lastKnownFileType = sourcecode.c.objc; path = UserViewController.m; sourceTree = "<group>"; };
		4916AEAC18B0083100A45A8C /* LoginViewController.h */ = {isa = PBXFileReference; fileEncoding = 4; lastKnownFileType = sourcecode.c.h; path = LoginViewController.h; sourceTree = "<group>"; };
		4916AEAD18B0083100A45A8C /* LoginViewController.m */ = {isa = PBXFileReference; fileEncoding = 4; lastKnownFileType = sourcecode.c.objc; path = LoginViewController.m; sourceTree = "<group>"; };
		4916AEAF18B0083D00A45A8C /* SignupViewController.h */ = {isa = PBXFileReference; fileEncoding = 4; lastKnownFileType = sourcecode.c.h; path = SignupViewController.h; sourceTree = "<group>"; };
		4916AEB018B0083D00A45A8C /* SignupViewController.m */ = {isa = PBXFileReference; fileEncoding = 4; lastKnownFileType = sourcecode.c.objc; path = SignupViewController.m; sourceTree = "<group>"; };
		4916AEB218B066AC00A45A8C /* FacebookSDK.framework */ = {isa = PBXFileReference; lastKnownFileType = wrapper.framework; path = FacebookSDK.framework; sourceTree = "<group>"; };
		4920FDDD18C67FF700653628 /* AVFoundation.framework */ = {isa = PBXFileReference; lastKnownFileType = wrapper.framework; name = AVFoundation.framework; path = System/Library/Frameworks/AVFoundation.framework; sourceTree = SDKROOT; };
		4920FDE518C6B45000653628 /* Deck.h */ = {isa = PBXFileReference; fileEncoding = 4; lastKnownFileType = sourcecode.c.h; path = Deck.h; sourceTree = "<group>"; };
		4920FDE618C6B45000653628 /* Deck.m */ = {isa = PBXFileReference; fileEncoding = 4; lastKnownFileType = sourcecode.c.objc; path = Deck.m; sourceTree = "<group>"; };
		4924561A18C9052300CAAEB1 /* Nine.png */ = {isa = PBXFileReference; lastKnownFileType = image.png; path = Nine.png; sourceTree = "<group>"; };
		4924561B18C9052300CAAEB1 /* Ten.png */ = {isa = PBXFileReference; lastKnownFileType = image.png; path = Ten.png; sourceTree = "<group>"; };
		4924561C18C9052300CAAEB1 /* Eight.png */ = {isa = PBXFileReference; lastKnownFileType = image.png; path = Eight.png; sourceTree = "<group>"; };
		4924561D18C9052300CAAEB1 /* Seven.png */ = {isa = PBXFileReference; lastKnownFileType = image.png; path = Seven.png; sourceTree = "<group>"; };
		4924561E18C9052300CAAEB1 /* Six.png */ = {isa = PBXFileReference; lastKnownFileType = image.png; path = Six.png; sourceTree = "<group>"; };
		4924561F18C9052300CAAEB1 /* Five.png */ = {isa = PBXFileReference; lastKnownFileType = image.png; path = Five.png; sourceTree = "<group>"; };
		4924562018C9052300CAAEB1 /* Three.png */ = {isa = PBXFileReference; lastKnownFileType = image.png; path = Three.png; sourceTree = "<group>"; };
		4924562118C9052300CAAEB1 /* Four.png */ = {isa = PBXFileReference; lastKnownFileType = image.png; path = Four.png; sourceTree = "<group>"; };
		4924562218C9052300CAAEB1 /* Two.png */ = {isa = PBXFileReference; lastKnownFileType = image.png; path = Two.png; sourceTree = "<group>"; };
		4924562318C9052300CAAEB1 /* One.png */ = {isa = PBXFileReference; lastKnownFileType = image.png; path = One.png; sourceTree = "<group>"; };
		49247B7F18B27EAA00A0CDE7 /* elephant.png */ = {isa = PBXFileReference; lastKnownFileType = image.png; path = elephant.png; sourceTree = "<group>"; };
		4927F44D18AC3A1E005257CF /* AamMango.app */ = {isa = PBXFileReference; explicitFileType = wrapper.application; includeInIndex = 0; path = AamMango.app; sourceTree = BUILT_PRODUCTS_DIR; };
		4927F45018AC3A1E005257CF /* Foundation.framework */ = {isa = PBXFileReference; lastKnownFileType = wrapper.framework; name = Foundation.framework; path = System/Library/Frameworks/Foundation.framework; sourceTree = SDKROOT; };
		4927F45218AC3A1E005257CF /* CoreGraphics.framework */ = {isa = PBXFileReference; lastKnownFileType = wrapper.framework; name = CoreGraphics.framework; path = System/Library/Frameworks/CoreGraphics.framework; sourceTree = SDKROOT; };
		4927F45418AC3A1E005257CF /* UIKit.framework */ = {isa = PBXFileReference; lastKnownFileType = wrapper.framework; name = UIKit.framework; path = System/Library/Frameworks/UIKit.framework; sourceTree = SDKROOT; };
		4927F45818AC3A1E005257CF /* AamMango-Info.plist */ = {isa = PBXFileReference; lastKnownFileType = text.plist.xml; path = "AamMango-Info.plist"; sourceTree = "<group>"; };
		4927F45A18AC3A1E005257CF /* en */ = {isa = PBXFileReference; lastKnownFileType = text.plist.strings; name = en; path = en.lproj/InfoPlist.strings; sourceTree = "<group>"; };
		4927F45C18AC3A1E005257CF /* main.m */ = {isa = PBXFileReference; lastKnownFileType = sourcecode.c.objc; path = main.m; sourceTree = "<group>"; };
		4927F45E18AC3A1E005257CF /* AamMango-Prefix.pch */ = {isa = PBXFileReference; lastKnownFileType = sourcecode.c.h; path = "AamMango-Prefix.pch"; sourceTree = "<group>"; };
		4927F45F18AC3A1E005257CF /* AppDelegate.h */ = {isa = PBXFileReference; lastKnownFileType = sourcecode.c.h; path = AppDelegate.h; sourceTree = "<group>"; };
		4927F46018AC3A1E005257CF /* AppDelegate.m */ = {isa = PBXFileReference; lastKnownFileType = sourcecode.c.objc; path = AppDelegate.m; sourceTree = "<group>"; };
		4927F46318AC3A1E005257CF /* Base */ = {isa = PBXFileReference; lastKnownFileType = file.storyboard; name = Base; path = Base.lproj/Main.storyboard; sourceTree = "<group>"; };
		4927F46518AC3A1E005257CF /* RootViewController.h */ = {isa = PBXFileReference; lastKnownFileType = sourcecode.c.h; path = RootViewController.h; sourceTree = "<group>"; };
		4927F46618AC3A1E005257CF /* RootViewController.m */ = {isa = PBXFileReference; lastKnownFileType = sourcecode.c.objc; path = RootViewController.m; sourceTree = "<group>"; };
		4927F46818AC3A1E005257CF /* Images.xcassets */ = {isa = PBXFileReference; lastKnownFileType = folder.assetcatalog; path = Images.xcassets; sourceTree = "<group>"; };
		4927F46E18AC3A1E005257CF /* AamMangoTests.xctest */ = {isa = PBXFileReference; explicitFileType = wrapper.cfbundle; includeInIndex = 0; path = AamMangoTests.xctest; sourceTree = BUILT_PRODUCTS_DIR; };
		4927F46F18AC3A1E005257CF /* XCTest.framework */ = {isa = PBXFileReference; lastKnownFileType = wrapper.framework; name = XCTest.framework; path = Library/Frameworks/XCTest.framework; sourceTree = DEVELOPER_DIR; };
		4927F47718AC3A1E005257CF /* AamMangoTests-Info.plist */ = {isa = PBXFileReference; lastKnownFileType = text.plist.xml; path = "AamMangoTests-Info.plist"; sourceTree = "<group>"; };
		4927F47918AC3A1E005257CF /* en */ = {isa = PBXFileReference; lastKnownFileType = text.plist.strings; name = en; path = en.lproj/InfoPlist.strings; sourceTree = "<group>"; };
		4927F47B18AC3A1E005257CF /* AamMangoTests.m */ = {isa = PBXFileReference; lastKnownFileType = sourcecode.c.objc; path = AamMangoTests.m; sourceTree = "<group>"; };
		4927F48F18AC5D7C005257CF /* menu.png */ = {isa = PBXFileReference; lastKnownFileType = image.png; path = menu.png; sourceTree = "<group>"; };
		49344FC318CF30940043AD1B /* DeckManager.h */ = {isa = PBXFileReference; fileEncoding = 4; lastKnownFileType = sourcecode.c.h; path = DeckManager.h; sourceTree = "<group>"; };
		49344FC418CF30940043AD1B /* DeckManager.m */ = {isa = PBXFileReference; fileEncoding = 4; lastKnownFileType = sourcecode.c.objc; path = DeckManager.m; sourceTree = "<group>"; };
		494A8F7718B2F3A100C8F8DF /* Utility.h */ = {isa = PBXFileReference; fileEncoding = 4; lastKnownFileType = sourcecode.c.h; path = Utility.h; sourceTree = "<group>"; };
		494A8F7818B2F3A100C8F8DF /* Utility.m */ = {isa = PBXFileReference; fileEncoding = 4; lastKnownFileType = sourcecode.c.objc; path = Utility.m; sourceTree = "<group>"; };
		494A8F7A18B2F58900C8F8DF /* UIImage+ResizeAdditions.h */ = {isa = PBXFileReference; fileEncoding = 4; lastKnownFileType = sourcecode.c.h; path = "UIImage+ResizeAdditions.h"; sourceTree = "<group>"; };
		494A8F7B18B2F58900C8F8DF /* UIImage+ResizeAdditions.m */ = {isa = PBXFileReference; fileEncoding = 4; lastKnownFileType = sourcecode.c.objc; path = "UIImage+ResizeAdditions.m"; sourceTree = "<group>"; };
		494A8F8118B2F61C00C8F8DF /* UIImage+Alpha.h */ = {isa = PBXFileReference; fileEncoding = 4; lastKnownFileType = sourcecode.c.h; path = "UIImage+Alpha.h"; sourceTree = "<group>"; };
		494A8F8218B2F61C00C8F8DF /* UIImage+Alpha.m */ = {isa = PBXFileReference; fileEncoding = 4; lastKnownFileType = sourcecode.c.objc; path = "UIImage+Alpha.m"; sourceTree = "<group>"; };
		494A8F8318B2F61C00C8F8DF /* UIImage+AlphaAdditions.h */ = {isa = PBXFileReference; fileEncoding = 4; lastKnownFileType = sourcecode.c.h; path = "UIImage+AlphaAdditions.h"; sourceTree = "<group>"; };
		494A8F8418B2F61C00C8F8DF /* UIImage+AlphaAdditions.m */ = {isa = PBXFileReference; fileEncoding = 4; lastKnownFileType = sourcecode.c.objc; path = "UIImage+AlphaAdditions.m"; sourceTree = "<group>"; };
		494A8F8518B2F61C00C8F8DF /* UIImage+RoundedCornerAdditions.h */ = {isa = PBXFileReference; fileEncoding = 4; lastKnownFileType = sourcecode.c.h; path = "UIImage+RoundedCornerAdditions.h"; sourceTree = "<group>"; };
		494A8F8618B2F61C00C8F8DF /* UIImage+RoundedCornerAdditions.m */ = {isa = PBXFileReference; fileEncoding = 4; lastKnownFileType = sourcecode.c.objc; path = "UIImage+RoundedCornerAdditions.m"; sourceTree = "<group>"; };
		494A8F8A18B2F97D00C8F8DF /* PAPCache.h */ = {isa = PBXFileReference; fileEncoding = 4; lastKnownFileType = sourcecode.c.h; path = PAPCache.h; sourceTree = "<group>"; };
		494A8F8B18B2F97D00C8F8DF /* PAPCache.m */ = {isa = PBXFileReference; fileEncoding = 4; lastKnownFileType = sourcecode.c.objc; path = PAPCache.m; sourceTree = "<group>"; };
		495070BA18C7E72B009C0675 /* libz.1.1.3.dylib */ = {isa = PBXFileReference; lastKnownFileType = "compiled.mach-o.dylib"; name = libz.1.1.3.dylib; path = usr/lib/libz.1.1.3.dylib; sourceTree = SDKROOT; };
		4989822318AD26A000A0F985 /* libsqlite3.dylib */ = {isa = PBXFileReference; lastKnownFileType = "compiled.mach-o.dylib"; name = libsqlite3.dylib; path = usr/lib/libsqlite3.dylib; sourceTree = SDKROOT; };
		499904EB18D2476400B3A237 /* AcousticModelEnglish.bundle */ = {isa = PBXFileReference; lastKnownFileType = "wrapper.plug-in"; path = AcousticModelEnglish.bundle; sourceTree = "<group>"; };
		499904EC18D2476400B3A237 /* AcousticModelSpanish.bundle */ = {isa = PBXFileReference; lastKnownFileType = "wrapper.plug-in"; path = AcousticModelSpanish.bundle; sourceTree = "<group>"; };
		499904ED18D2476400B3A237 /* OpenEars.framework */ = {isa = PBXFileReference; lastKnownFileType = wrapper.framework; path = OpenEars.framework; sourceTree = "<group>"; };
		499904EE18D2476400B3A237 /* Slt.framework */ = {isa = PBXFileReference; lastKnownFileType = wrapper.framework; path = Slt.framework; sourceTree = "<group>"; };
		49A3ED7018ADCC0A00895B23 /* LaunchImage.png */ = {isa = PBXFileReference; lastKnownFileType = image.png; path = LaunchImage.png; sourceTree = "<group>"; };
		49A3ED7218ADCC0A00895B23 /* logo.png */ = {isa = PBXFileReference; lastKnownFileType = image.png; path = logo.png; sourceTree = "<group>"; };
		49BA4A2818D5E1CE002A67D6 /* AcousticModelEnglish.bundle */ = {isa = PBXFileReference; lastKnownFileType = "wrapper.plug-in"; path = AcousticModelEnglish.bundle; sourceTree = "<group>"; };
		49BA4A2918D5E1CE002A67D6 /* AcousticModelSpanish.bundle */ = {isa = PBXFileReference; lastKnownFileType = "wrapper.plug-in"; path = AcousticModelSpanish.bundle; sourceTree = "<group>"; };
		49BA4A2A18D5E1CE002A67D6 /* OpenEars.framework */ = {isa = PBXFileReference; lastKnownFileType = wrapper.framework; path = OpenEars.framework; sourceTree = "<group>"; };
		49BA4A2B18D5E1CE002A67D6 /* Slt.framework */ = {isa = PBXFileReference; lastKnownFileType = wrapper.framework; path = Slt.framework; sourceTree = "<group>"; };
		49BA4A3018D5E473002A67D6 /* OfflineRecognition.h */ = {isa = PBXFileReference; fileEncoding = 4; lastKnownFileType = sourcecode.c.h; path = OfflineRecognition.h; sourceTree = "<group>"; };
		49BA4A3118D5E473002A67D6 /* OfflineRecognition.m */ = {isa = PBXFileReference; fileEncoding = 4; lastKnownFileType = sourcecode.c.objc; path = OfflineRecognition.m; sourceTree = "<group>"; };
		49D328FF18B1224A0098176B /* ProfileViewController.h */ = {isa = PBXFileReference; fileEncoding = 4; lastKnownFileType = sourcecode.c.h; path = ProfileViewController.h; sourceTree = "<group>"; };
		49D3290018B1224A0098176B /* ProfileViewController.m */ = {isa = PBXFileReference; fileEncoding = 4; lastKnownFileType = sourcecode.c.objc; path = ProfileViewController.m; sourceTree = "<group>"; };
		49D7DAC118AD512E0056D115 /* TopicContentViewController.h */ = {isa = PBXFileReference; fileEncoding = 4; lastKnownFileType = sourcecode.c.h; path = TopicContentViewController.h; sourceTree = "<group>"; };
		49D7DAC218AD512E0056D115 /* TopicContentViewController.m */ = {isa = PBXFileReference; fileEncoding = 4; lastKnownFileType = sourcecode.c.objc; path = TopicContentViewController.m; sourceTree = "<group>"; };
		49D84BC918AC678B00A67C03 /* TopicViewController.h */ = {isa = PBXFileReference; fileEncoding = 4; lastKnownFileType = sourcecode.c.h; path = TopicViewController.h; sourceTree = "<group>"; };
		49D84BCA18AC678B00A67C03 /* TopicViewController.m */ = {isa = PBXFileReference; fileEncoding = 4; lastKnownFileType = sourcecode.c.objc; path = TopicViewController.m; sourceTree = "<group>"; };
		49D84BCC18AC738300A67C03 /* Card.h */ = {isa = PBXFileReference; fileEncoding = 4; lastKnownFileType = sourcecode.c.h; path = Card.h; sourceTree = "<group>"; };
		49D84BCD18AC738300A67C03 /* Card.m */ = {isa = PBXFileReference; fileEncoding = 4; lastKnownFileType = sourcecode.c.objc; path = Card.m; sourceTree = "<group>"; };
		49D84BD318AC7E0900A67C03 /* AamMango-57.png */ = {isa = PBXFileReference; lastKnownFileType = image.png; path = "AamMango-57.png"; sourceTree = "<group>"; };
		49D84BD518AC7E7100A67C03 /* AamMango-29.png */ = {isa = PBXFileReference; lastKnownFileType = image.png; path = "AamMango-29.png"; sourceTree = "<group>"; };
		49D84BD618AC7E7100A67C03 /* AamMango-40.png */ = {isa = PBXFileReference; lastKnownFileType = image.png; path = "AamMango-40.png"; sourceTree = "<group>"; };
/* End PBXFileReference section */

/* Begin PBXFrameworksBuildPhase section */
		4927F44A18AC3A1E005257CF /* Frameworks */ = {
			isa = PBXFrameworksBuildPhase;
			buildActionMask = 2147483647;
			files = (
				4916AEA218AFEF1500A45A8C /* SystemConfiguration.framework in Frameworks */,
				4916AEA018AFEF0F00A45A8C /* StoreKit.framework in Frameworks */,
				4916AE9E18AFEF0A00A45A8C /* Security.framework in Frameworks */,
				4916AE9C18AFEF0500A45A8C /* QuartzCore.framework in Frameworks */,
				4916AE9A18AFEEFF00A45A8C /* MobileCoreServices.framework in Frameworks */,
				495070BB18C7E72B009C0675 /* libz.1.1.3.dylib in Frameworks */,
				4916AE9618AFEEF200A45A8C /* CoreLocation.framework in Frameworks */,
				49BA4A2E18D5E1CE002A67D6 /* OpenEars.framework in Frameworks */,
				4927F45318AC3A1E005257CF /* CoreGraphics.framework in Frameworks */,
				4916AE9418AFEEE500A45A8C /* CFNetwork.framework in Frameworks */,
				4916AE9218AFEEDF00A45A8C /* AudioToolbox.framework in Frameworks */,
				4920FDDE18C67FF700653628 /* AVFoundation.framework in Frameworks */,
				4916AE9818AFEEF800A45A8C /* libz.dylib in Frameworks */,
				4989822418AD26A000A0F985 /* libsqlite3.dylib in Frameworks */,
				4916AEB318B066AC00A45A8C /* FacebookSDK.framework in Frameworks */,
				49BA4A2F18D5E1CE002A67D6 /* Slt.framework in Frameworks */,
				4927F45518AC3A1E005257CF /* UIKit.framework in Frameworks */,
				4927F45118AC3A1E005257CF /* Foundation.framework in Frameworks */,
				499904F218D2476400B3A237 /* Slt.framework in Frameworks */,
				4916AE9018AFEEBD00A45A8C /* Parse.framework in Frameworks */,
				499904F118D2476400B3A237 /* OpenEars.framework in Frameworks */,
			);
			runOnlyForDeploymentPostprocessing = 0;
		};
		4927F46B18AC3A1E005257CF /* Frameworks */ = {
			isa = PBXFrameworksBuildPhase;
			buildActionMask = 2147483647;
			files = (
				4927F47018AC3A1E005257CF /* XCTest.framework in Frameworks */,
				4927F47218AC3A1E005257CF /* UIKit.framework in Frameworks */,
				4927F47118AC3A1E005257CF /* Foundation.framework in Frameworks */,
			);
			runOnlyForDeploymentPostprocessing = 0;
		};
/* End PBXFrameworksBuildPhase section */

/* Begin PBXGroup section */
		4920FDE218C6AB2C00653628 /* Model */ = {
			isa = PBXGroup;
			children = (
				4927F45F18AC3A1E005257CF /* AppDelegate.h */,
				4927F46018AC3A1E005257CF /* AppDelegate.m */,
				49D84BCC18AC738300A67C03 /* Card.h */,
				49D84BCD18AC738300A67C03 /* Card.m */,
				4920FDE518C6B45000653628 /* Deck.h */,
				4920FDE618C6B45000653628 /* Deck.m */,
				49344FC318CF30940043AD1B /* DeckManager.h */,
				49344FC418CF30940043AD1B /* DeckManager.m */,
				49BA4A3018D5E473002A67D6 /* OfflineRecognition.h */,
				49BA4A3118D5E473002A67D6 /* OfflineRecognition.m */,
			);
			name = Model;
			sourceTree = "<group>";
		};
		4920FDE318C6AB3100653628 /* View */ = {
			isa = PBXGroup;
			children = (
				4927F46218AC3A1E005257CF /* Main.storyboard */,
				4924562F18C9053000CAAEB1 /* Numbers */,
			);
			name = View;
			sourceTree = "<group>";
		};
		4920FDE418C6AB3500653628 /* Controller */ = {
			isa = PBXGroup;
			children = (
				4927F46518AC3A1E005257CF /* RootViewController.h */,
				4927F46618AC3A1E005257CF /* RootViewController.m */,
				494A8F7D18B2F5A200C8F8DF /* Flashcards */,
				494A8F7E18B2F5AE00C8F8DF /* Login */,
			);
			name = Controller;
			sourceTree = "<group>";
		};
		4924562F18C9053000CAAEB1 /* Numbers */ = {
			isa = PBXGroup;
			children = (
				4924561A18C9052300CAAEB1 /* Nine.png */,
				4924561B18C9052300CAAEB1 /* Ten.png */,
				4924561C18C9052300CAAEB1 /* Eight.png */,
				4924561D18C9052300CAAEB1 /* Seven.png */,
				4924561E18C9052300CAAEB1 /* Six.png */,
				4924561F18C9052300CAAEB1 /* Five.png */,
				4924562018C9052300CAAEB1 /* Three.png */,
				4924562118C9052300CAAEB1 /* Four.png */,
				4924562218C9052300CAAEB1 /* Two.png */,
				4924562318C9052300CAAEB1 /* One.png */,
			);
			name = Numbers;
			sourceTree = "<group>";
		};
		4927F44418AC3A1E005257CF = {
			isa = PBXGroup;
			children = (
				499904EA18D2476400B3A237 /* Framework */,
				4927F45618AC3A1E005257CF /* AamMango */,
				4927F47518AC3A1E005257CF /* AamMangoTests */,
				4927F44F18AC3A1E005257CF /* Frameworks */,
				4927F44E18AC3A1E005257CF /* Products */,
			);
			sourceTree = "<group>";
		};
		4927F44E18AC3A1E005257CF /* Products */ = {
			isa = PBXGroup;
			children = (
				4927F44D18AC3A1E005257CF /* AamMango.app */,
				4927F46E18AC3A1E005257CF /* AamMangoTests.xctest */,
			);
			name = Products;
			sourceTree = "<group>";
		};
		4927F44F18AC3A1E005257CF /* Frameworks */ = {
			isa = PBXGroup;
			children = (
				49BA4A2818D5E1CE002A67D6 /* AcousticModelEnglish.bundle */,
				49BA4A2918D5E1CE002A67D6 /* AcousticModelSpanish.bundle */,
				49BA4A2A18D5E1CE002A67D6 /* OpenEars.framework */,
				49BA4A2B18D5E1CE002A67D6 /* Slt.framework */,
				495070BA18C7E72B009C0675 /* libz.1.1.3.dylib */,
				4920FDDD18C67FF700653628 /* AVFoundation.framework */,
				4916AEB218B066AC00A45A8C /* FacebookSDK.framework */,
				4916AEA118AFEF1500A45A8C /* SystemConfiguration.framework */,
				4916AE9F18AFEF0F00A45A8C /* StoreKit.framework */,
				4916AE9D18AFEF0A00A45A8C /* Security.framework */,
				4916AE9B18AFEF0500A45A8C /* QuartzCore.framework */,
				4916AE9918AFEEFF00A45A8C /* MobileCoreServices.framework */,
				4916AE9718AFEEF800A45A8C /* libz.dylib */,
				4916AE9518AFEEF200A45A8C /* CoreLocation.framework */,
				4916AE9318AFEEE500A45A8C /* CFNetwork.framework */,
				4916AE9118AFEEDF00A45A8C /* AudioToolbox.framework */,
				4916AE8F18AFEEBD00A45A8C /* Parse.framework */,
				4989822318AD26A000A0F985 /* libsqlite3.dylib */,
				4927F45018AC3A1E005257CF /* Foundation.framework */,
				4927F45218AC3A1E005257CF /* CoreGraphics.framework */,
				4927F45418AC3A1E005257CF /* UIKit.framework */,
				4927F46F18AC3A1E005257CF /* XCTest.framework */,
			);
			name = Frameworks;
			sourceTree = "<group>";
		};
		4927F45618AC3A1E005257CF /* AamMango */ = {
			isa = PBXGroup;
			children = (
				4920FDE218C6AB2C00653628 /* Model */,
				4920FDE318C6AB3100653628 /* View */,
				4920FDE418C6AB3500653628 /* Controller */,
				494A8F8018B2F5EE00C8F8DF /* UtilityFiles */,
				4927F46818AC3A1E005257CF /* Images.xcassets */,
				4927F45718AC3A1E005257CF /* Supporting Files */,
			);
			path = AamMango;
			sourceTree = "<group>";
		};
		4927F45718AC3A1E005257CF /* Supporting Files */ = {
			isa = PBXGroup;
			children = (
				49247B7F18B27EAA00A0CDE7 /* elephant.png */,
				49A3ED7018ADCC0A00895B23 /* LaunchImage.png */,
				49A3ED7218ADCC0A00895B23 /* logo.png */,
				49D84BD518AC7E7100A67C03 /* AamMango-29.png */,
				49D84BD618AC7E7100A67C03 /* AamMango-40.png */,
				49D84BD318AC7E0900A67C03 /* AamMango-57.png */,
				4927F48F18AC5D7C005257CF /* menu.png */,
				4927F45818AC3A1E005257CF /* AamMango-Info.plist */,
				4927F45918AC3A1E005257CF /* InfoPlist.strings */,
				4927F45C18AC3A1E005257CF /* main.m */,
				4927F45E18AC3A1E005257CF /* AamMango-Prefix.pch */,
			);
			name = "Supporting Files";
			sourceTree = "<group>";
		};
		4927F47518AC3A1E005257CF /* AamMangoTests */ = {
			isa = PBXGroup;
			children = (
				4927F47B18AC3A1E005257CF /* AamMangoTests.m */,
				4927F47618AC3A1E005257CF /* Supporting Files */,
			);
			path = AamMangoTests;
			sourceTree = "<group>";
		};
		4927F47618AC3A1E005257CF /* Supporting Files */ = {
			isa = PBXGroup;
			children = (
				4927F47718AC3A1E005257CF /* AamMangoTests-Info.plist */,
				4927F47818AC3A1E005257CF /* InfoPlist.strings */,
			);
			name = "Supporting Files";
			sourceTree = "<group>";
		};
		494A8F7D18B2F5A200C8F8DF /* Flashcards */ = {
			isa = PBXGroup;
			children = (
				49D84BC918AC678B00A67C03 /* TopicViewController.h */,
				49D84BCA18AC678B00A67C03 /* TopicViewController.m */,
				49D7DAC118AD512E0056D115 /* TopicContentViewController.h */,
				49D7DAC218AD512E0056D115 /* TopicContentViewController.m */,
			);
			name = Flashcards;
			sourceTree = "<group>";
		};
		494A8F7E18B2F5AE00C8F8DF /* Login */ = {
			isa = PBXGroup;
			children = (
				4916AEA318AFF6CB00A45A8C /* UserViewController.h */,
				4916AEA418AFF6CB00A45A8C /* UserViewController.m */,
				4916AEAC18B0083100A45A8C /* LoginViewController.h */,
				4916AEAD18B0083100A45A8C /* LoginViewController.m */,
				49D328FF18B1224A0098176B /* ProfileViewController.h */,
				49D3290018B1224A0098176B /* ProfileViewController.m */,
				4916AEAF18B0083D00A45A8C /* SignupViewController.h */,
				4916AEB018B0083D00A45A8C /* SignupViewController.m */,
			);
			name = Login;
			sourceTree = "<group>";
		};
		494A8F8018B2F5EE00C8F8DF /* UtilityFiles */ = {
			isa = PBXGroup;
			children = (
				494A8F8A18B2F97D00C8F8DF /* PAPCache.h */,
				494A8F8B18B2F97D00C8F8DF /* PAPCache.m */,
				494A8F8118B2F61C00C8F8DF /* UIImage+Alpha.h */,
				494A8F8218B2F61C00C8F8DF /* UIImage+Alpha.m */,
				494A8F8318B2F61C00C8F8DF /* UIImage+AlphaAdditions.h */,
				494A8F8418B2F61C00C8F8DF /* UIImage+AlphaAdditions.m */,
				494A8F8518B2F61C00C8F8DF /* UIImage+RoundedCornerAdditions.h */,
				494A8F8618B2F61C00C8F8DF /* UIImage+RoundedCornerAdditions.m */,
				494A8F7A18B2F58900C8F8DF /* UIImage+ResizeAdditions.h */,
				494A8F7B18B2F58900C8F8DF /* UIImage+ResizeAdditions.m */,
				494A8F7718B2F3A100C8F8DF /* Utility.h */,
				494A8F7818B2F3A100C8F8DF /* Utility.m */,
			);
			name = UtilityFiles;
			sourceTree = "<group>";
		};
		499904EA18D2476400B3A237 /* Framework */ = {
			isa = PBXGroup;
			children = (
				499904EB18D2476400B3A237 /* AcousticModelEnglish.bundle */,
				499904EC18D2476400B3A237 /* AcousticModelSpanish.bundle */,
				499904ED18D2476400B3A237 /* OpenEars.framework */,
				499904EE18D2476400B3A237 /* Slt.framework */,
			);
			path = Framework;
			sourceTree = "<group>";
		};
/* End PBXGroup section */

/* Begin PBXNativeTarget section */
		4927F44C18AC3A1E005257CF /* AamMango */ = {
			isa = PBXNativeTarget;
			buildConfigurationList = 4927F47F18AC3A1E005257CF /* Build configuration list for PBXNativeTarget "AamMango" */;
			buildPhases = (
				4927F44918AC3A1E005257CF /* Sources */,
				4927F44A18AC3A1E005257CF /* Frameworks */,
				4927F44B18AC3A1E005257CF /* Resources */,
			);
			buildRules = (
			);
			dependencies = (
			);
			name = AamMango;
			productName = AamMango;
			productReference = 4927F44D18AC3A1E005257CF /* AamMango.app */;
			productType = "com.apple.product-type.application";
		};
		4927F46D18AC3A1E005257CF /* AamMangoTests */ = {
			isa = PBXNativeTarget;
			buildConfigurationList = 4927F48218AC3A1E005257CF /* Build configuration list for PBXNativeTarget "AamMangoTests" */;
			buildPhases = (
				4927F46A18AC3A1E005257CF /* Sources */,
				4927F46B18AC3A1E005257CF /* Frameworks */,
				4927F46C18AC3A1E005257CF /* Resources */,
			);
			buildRules = (
			);
			dependencies = (
				4927F47418AC3A1E005257CF /* PBXTargetDependency */,
			);
			name = AamMangoTests;
			productName = AamMangoTests;
			productReference = 4927F46E18AC3A1E005257CF /* AamMangoTests.xctest */;
			productType = "com.apple.product-type.bundle.unit-test";
		};
/* End PBXNativeTarget section */

/* Begin PBXProject section */
		4927F44518AC3A1E005257CF /* Project object */ = {
			isa = PBXProject;
			attributes = {
				LastUpgradeCheck = 0500;
				ORGANIZATIONNAME = "Sumedha Pramod";
				TargetAttributes = {
					4927F44C18AC3A1E005257CF = {
						DevelopmentTeam = 69ZDK4Y6QX;
					};
					4927F46D18AC3A1E005257CF = {
						TestTargetID = 4927F44C18AC3A1E005257CF;
					};
				};
			};
			buildConfigurationList = 4927F44818AC3A1E005257CF /* Build configuration list for PBXProject "AamMango" */;
			compatibilityVersion = "Xcode 3.2";
			developmentRegion = English;
			hasScannedForEncodings = 0;
			knownRegions = (
				en,
				Base,
			);
			mainGroup = 4927F44418AC3A1E005257CF;
			productRefGroup = 4927F44E18AC3A1E005257CF /* Products */;
			projectDirPath = "";
			projectRoot = "";
			targets = (
				4927F44C18AC3A1E005257CF /* AamMango */,
				4927F46D18AC3A1E005257CF /* AamMangoTests */,
			);
		};
/* End PBXProject section */

/* Begin PBXResourcesBuildPhase section */
		4927F44B18AC3A1E005257CF /* Resources */ = {
			isa = PBXResourcesBuildPhase;
			buildActionMask = 2147483647;
			files = (
				4924562618C9052300CAAEB1 /* Eight.png in Resources */,
				49247B8018B27EAA00A0CDE7 /* elephant.png in Resources */,
				49D84BD818AC7E7100A67C03 /* AamMango-40.png in Resources */,
				4924562718C9052300CAAEB1 /* Seven.png in Resources */,
				4924562D18C9052300CAAEB1 /* One.png in Resources */,
				4924562418C9052300CAAEB1 /* Nine.png in Resources */,
				499904EF18D2476400B3A237 /* AcousticModelEnglish.bundle in Resources */,
				4924562918C9052300CAAEB1 /* Five.png in Resources */,
				4927F49018AC5D7C005257CF /* menu.png in Resources */,
				4927F46918AC3A1E005257CF /* Images.xcassets in Resources */,
				4927F45B18AC3A1E005257CF /* InfoPlist.strings in Resources */,
				499904F018D2476400B3A237 /* AcousticModelSpanish.bundle in Resources */,
				4924562B18C9052300CAAEB1 /* Four.png in Resources */,
				49BA4A2D18D5E1CE002A67D6 /* AcousticModelSpanish.bundle in Resources */,
				49A3ED7518ADCC0A00895B23 /* logo.png in Resources */,
				4924562818C9052300CAAEB1 /* Six.png in Resources */,
				49D84BD718AC7E7100A67C03 /* AamMango-29.png in Resources */,
				4927F46418AC3A1E005257CF /* Main.storyboard in Resources */,
				49BA4A2C18D5E1CE002A67D6 /* AcousticModelEnglish.bundle in Resources */,
				4924562C18C9052300CAAEB1 /* Two.png in Resources */,
				4924562A18C9052300CAAEB1 /* Three.png in Resources */,
				4924562518C9052300CAAEB1 /* Ten.png in Resources */,
				49A3ED7318ADCC0A00895B23 /* LaunchImage.png in Resources */,
				49D84BD418AC7E0900A67C03 /* AamMango-57.png in Resources */,
			);
			runOnlyForDeploymentPostprocessing = 0;
		};
		4927F46C18AC3A1E005257CF /* Resources */ = {
			isa = PBXResourcesBuildPhase;
			buildActionMask = 2147483647;
			files = (
				4927F47A18AC3A1E005257CF /* InfoPlist.strings in Resources */,
			);
			runOnlyForDeploymentPostprocessing = 0;
		};
/* End PBXResourcesBuildPhase section */

/* Begin PBXSourcesBuildPhase section */
		4927F44918AC3A1E005257CF /* Sources */ = {
			isa = PBXSourcesBuildPhase;
			buildActionMask = 2147483647;
			files = (
				494A8F8918B2F61C00C8F8DF /* UIImage+RoundedCornerAdditions.m in Sources */,
				4916AEAE18B0083100A45A8C /* LoginViewController.m in Sources */,
				4916AEA518AFF6CB00A45A8C /* UserViewController.m in Sources */,
				49D7DAC318AD512E0056D115 /* TopicContentViewController.m in Sources */,
				49BA4A3218D5E473002A67D6 /* OfflineRecognition.m in Sources */,
				4916AEB118B0083D00A45A8C /* SignupViewController.m in Sources */,
				49D3290118B1224A0098176B /* ProfileViewController.m in Sources */,
				49D84BCE18AC738300A67C03 /* Card.m in Sources */,
				4927F46718AC3A1E005257CF /* RootViewController.m in Sources */,
				49344FC518CF30940043AD1B /* DeckManager.m in Sources */,
				494A8F7918B2F3A100C8F8DF /* Utility.m in Sources */,
				4920FDE718C6B45000653628 /* Deck.m in Sources */,
				494A8F8818B2F61C00C8F8DF /* UIImage+AlphaAdditions.m in Sources */,
				494A8F8C18B2F97D00C8F8DF /* PAPCache.m in Sources */,
				4927F46118AC3A1E005257CF /* AppDelegate.m in Sources */,
				494A8F7C18B2F58900C8F8DF /* UIImage+ResizeAdditions.m in Sources */,
				49D84BCB18AC678B00A67C03 /* TopicViewController.m in Sources */,
				4927F45D18AC3A1E005257CF /* main.m in Sources */,
				494A8F8718B2F61C00C8F8DF /* UIImage+Alpha.m in Sources */,
			);
			runOnlyForDeploymentPostprocessing = 0;
		};
		4927F46A18AC3A1E005257CF /* Sources */ = {
			isa = PBXSourcesBuildPhase;
			buildActionMask = 2147483647;
			files = (
				4927F47C18AC3A1E005257CF /* AamMangoTests.m in Sources */,
			);
			runOnlyForDeploymentPostprocessing = 0;
		};
/* End PBXSourcesBuildPhase section */

/* Begin PBXTargetDependency section */
		4927F47418AC3A1E005257CF /* PBXTargetDependency */ = {
			isa = PBXTargetDependency;
			target = 4927F44C18AC3A1E005257CF /* AamMango */;
			targetProxy = 4927F47318AC3A1E005257CF /* PBXContainerItemProxy */;
		};
/* End PBXTargetDependency section */

/* Begin PBXVariantGroup section */
		4927F45918AC3A1E005257CF /* InfoPlist.strings */ = {
			isa = PBXVariantGroup;
			children = (
				4927F45A18AC3A1E005257CF /* en */,
			);
			name = InfoPlist.strings;
			sourceTree = "<group>";
		};
		4927F46218AC3A1E005257CF /* Main.storyboard */ = {
			isa = PBXVariantGroup;
			children = (
				4927F46318AC3A1E005257CF /* Base */,
			);
			name = Main.storyboard;
			sourceTree = "<group>";
		};
		4927F47818AC3A1E005257CF /* InfoPlist.strings */ = {
			isa = PBXVariantGroup;
			children = (
				4927F47918AC3A1E005257CF /* en */,
			);
			name = InfoPlist.strings;
			sourceTree = "<group>";
		};
/* End PBXVariantGroup section */

/* Begin XCBuildConfiguration section */
		4927F47D18AC3A1E005257CF /* Debug */ = {
			isa = XCBuildConfiguration;
			buildSettings = {
				ALWAYS_SEARCH_USER_PATHS = NO;
				ARCHS = "$(ARCHS_STANDARD_INCLUDING_64_BIT)";
				CLANG_CXX_LANGUAGE_STANDARD = "gnu++0x";
				CLANG_CXX_LIBRARY = "libc++";
				CLANG_ENABLE_MODULES = YES;
				CLANG_ENABLE_OBJC_ARC = YES;
				CLANG_WARN_BOOL_CONVERSION = YES;
				CLANG_WARN_CONSTANT_CONVERSION = YES;
				CLANG_WARN_DIRECT_OBJC_ISA_USAGE = YES_ERROR;
				CLANG_WARN_EMPTY_BODY = YES;
				CLANG_WARN_ENUM_CONVERSION = YES;
				CLANG_WARN_INT_CONVERSION = YES;
				CLANG_WARN_OBJC_ROOT_CLASS = YES_ERROR;
				CLANG_WARN__DUPLICATE_METHOD_MATCH = YES;
				"CODE_SIGN_IDENTITY[sdk=iphoneos*]" = "iPhone Developer";
				COPY_PHASE_STRIP = NO;
				GCC_C_LANGUAGE_STANDARD = gnu99;
				GCC_DYNAMIC_NO_PIC = NO;
				GCC_OPTIMIZATION_LEVEL = 0;
				GCC_PREPROCESSOR_DEFINITIONS = (
					"DEBUG=1",
					"$(inherited)",
				);
				GCC_SYMBOLS_PRIVATE_EXTERN = NO;
				GCC_WARN_64_TO_32_BIT_CONVERSION = YES;
				GCC_WARN_ABOUT_RETURN_TYPE = YES_ERROR;
				GCC_WARN_UNDECLARED_SELECTOR = YES;
				GCC_WARN_UNINITIALIZED_AUTOS = YES;
				GCC_WARN_UNUSED_FUNCTION = YES;
				GCC_WARN_UNUSED_VARIABLE = YES;
				IPHONEOS_DEPLOYMENT_TARGET = 7.0;
				ONLY_ACTIVE_ARCH = YES;
				SDKROOT = iphoneos;
			};
			name = Debug;
		};
		4927F47E18AC3A1E005257CF /* Release */ = {
			isa = XCBuildConfiguration;
			buildSettings = {
				ALWAYS_SEARCH_USER_PATHS = NO;
				ARCHS = "$(ARCHS_STANDARD_INCLUDING_64_BIT)";
				CLANG_CXX_LANGUAGE_STANDARD = "gnu++0x";
				CLANG_CXX_LIBRARY = "libc++";
				CLANG_ENABLE_MODULES = YES;
				CLANG_ENABLE_OBJC_ARC = YES;
				CLANG_WARN_BOOL_CONVERSION = YES;
				CLANG_WARN_CONSTANT_CONVERSION = YES;
				CLANG_WARN_DIRECT_OBJC_ISA_USAGE = YES_ERROR;
				CLANG_WARN_EMPTY_BODY = YES;
				CLANG_WARN_ENUM_CONVERSION = YES;
				CLANG_WARN_INT_CONVERSION = YES;
				CLANG_WARN_OBJC_ROOT_CLASS = YES_ERROR;
				CLANG_WARN__DUPLICATE_METHOD_MATCH = YES;
				"CODE_SIGN_IDENTITY[sdk=iphoneos*]" = "iPhone Developer";
				COPY_PHASE_STRIP = YES;
				ENABLE_NS_ASSERTIONS = NO;
				GCC_C_LANGUAGE_STANDARD = gnu99;
				GCC_WARN_64_TO_32_BIT_CONVERSION = YES;
				GCC_WARN_ABOUT_RETURN_TYPE = YES_ERROR;
				GCC_WARN_UNDECLARED_SELECTOR = YES;
				GCC_WARN_UNINITIALIZED_AUTOS = YES;
				GCC_WARN_UNUSED_FUNCTION = YES;
				GCC_WARN_UNUSED_VARIABLE = YES;
				IPHONEOS_DEPLOYMENT_TARGET = 7.0;
				SDKROOT = iphoneos;
				VALIDATE_PRODUCT = YES;
			};
			name = Release;
		};
		4927F48018AC3A1E005257CF /* Debug */ = {
			isa = XCBuildConfiguration;
			buildSettings = {
				ASSETCATALOG_COMPILER_APPICON_NAME = AppIcon;
				ASSETCATALOG_COMPILER_LAUNCHIMAGE_NAME = LaunchImage;
				CODE_SIGN_IDENTITY = "iPhone Developer";
				FRAMEWORK_SEARCH_PATHS = (
					"$(inherited)",
					/Users/pramods/Documents/Box,
					Documents/AamMango,
					/Users/pramods/Documents/Box,
					Documents/AamMango/Framework,
					"$(PROJECT_DIR)",
				);
				GCC_PRECOMPILE_PREFIX_HEADER = YES;
				GCC_PREFIX_HEADER = "AamMango/AamMango-Prefix.pch";
				INFOPLIST_FILE = "AamMango/AamMango-Info.plist";
				PRODUCT_NAME = "$(TARGET_NAME)";
				WRAPPER_EXTENSION = app;
			};
			name = Debug;
		};
		4927F48118AC3A1E005257CF /* Release */ = {
			isa = XCBuildConfiguration;
			buildSettings = {
				ASSETCATALOG_COMPILER_APPICON_NAME = AppIcon;
				ASSETCATALOG_COMPILER_LAUNCHIMAGE_NAME = LaunchImage;
				CODE_SIGN_IDENTITY = "iPhone Developer";
				FRAMEWORK_SEARCH_PATHS = (
					"$(inherited)",
					/Users/pramods/Documents/Box,
					Documents/AamMango,
					/Users/pramods/Documents/Box,
					Documents/AamMango/Framework,
					"$(PROJECT_DIR)",
				);
				GCC_PRECOMPILE_PREFIX_HEADER = YES;
				GCC_PREFIX_HEADER = "AamMango/AamMango-Prefix.pch";
				INFOPLIST_FILE = "AamMango/AamMango-Info.plist";
				PRODUCT_NAME = "$(TARGET_NAME)";
				WRAPPER_EXTENSION = app;
			};
			name = Release;
		};
		4927F48318AC3A1E005257CF /* Debug */ = {
			isa = XCBuildConfiguration;
			buildSettings = {
				ARCHS = "$(ARCHS_STANDARD_INCLUDING_64_BIT)";
				BUNDLE_LOADER = "$(BUILT_PRODUCTS_DIR)/AamMango.app/AamMango";
				FRAMEWORK_SEARCH_PATHS = (
					"$(SDKROOT)/Developer/Library/Frameworks",
					"$(inherited)",
					"$(DEVELOPER_FRAMEWORKS_DIR)",
				);
				GCC_PRECOMPILE_PREFIX_HEADER = YES;
				GCC_PREFIX_HEADER = "AamMango/AamMango-Prefix.pch";
				GCC_PREPROCESSOR_DEFINITIONS = (
					"DEBUG=1",
					"$(inherited)",
				);
				INFOPLIST_FILE = "AamMangoTests/AamMangoTests-Info.plist";
				PRODUCT_NAME = "$(TARGET_NAME)";
				TEST_HOST = "$(BUNDLE_LOADER)";
				WRAPPER_EXTENSION = xctest;
			};
			name = Debug;
		};
		4927F48418AC3A1E005257CF /* Release */ = {
			isa = XCBuildConfiguration;
			buildSettings = {
				ARCHS = "$(ARCHS_STANDARD_INCLUDING_64_BIT)";
				BUNDLE_LOADER = "$(BUILT_PRODUCTS_DIR)/AamMango.app/AamMango";
				FRAMEWORK_SEARCH_PATHS = (
					"$(SDKROOT)/Developer/Library/Frameworks",
					"$(inherited)",
					"$(DEVELOPER_FRAMEWORKS_DIR)",
				);
				GCC_PRECOMPILE_PREFIX_HEADER = YES;
				GCC_PREFIX_HEADER = "AamMango/AamMango-Prefix.pch";
				INFOPLIST_FILE = "AamMangoTests/AamMangoTests-Info.plist";
				PRODUCT_NAME = "$(TARGET_NAME)";
				TEST_HOST = "$(BUNDLE_LOADER)";
				WRAPPER_EXTENSION = xctest;
			};
			name = Release;
		};
/* End XCBuildConfiguration section */

/* Begin XCConfigurationList section */
		4927F44818AC3A1E005257CF /* Build configuration list for PBXProject "AamMango" */ = {
			isa = XCConfigurationList;
			buildConfigurations = (
				4927F47D18AC3A1E005257CF /* Debug */,
				4927F47E18AC3A1E005257CF /* Release */,
			);
			defaultConfigurationIsVisible = 0;
			defaultConfigurationName = Release;
		};
		4927F47F18AC3A1E005257CF /* Build configuration list for PBXNativeTarget "AamMango" */ = {
			isa = XCConfigurationList;
			buildConfigurations = (
				4927F48018AC3A1E005257CF /* Debug */,
				4927F48118AC3A1E005257CF /* Release */,
			);
			defaultConfigurationIsVisible = 0;
			defaultConfigurationName = Release;
		};
		4927F48218AC3A1E005257CF /* Build configuration list for PBXNativeTarget "AamMangoTests" */ = {
			isa = XCConfigurationList;
			buildConfigurations = (
				4927F48318AC3A1E005257CF /* Debug */,
				4927F48418AC3A1E005257CF /* Release */,
			);
			defaultConfigurationIsVisible = 0;
			defaultConfigurationName = Release;
		};
/* End XCConfigurationList section */
	};
	rootObject = 4927F44518AC3A1E005257CF /* Project object */;
}
