// !$*UTF8*$!
{
	archiveVersion = 1;
	classes = {
	};
	objectVersion = 46;
	objects = {

/* Begin PBXBuildFile section */
		49CC9FDE1902B67B004A9337 /* CoreFoundation.framework in Frameworks */ = {isa = PBXBuildFile; fileRef = 49CC9FDD1902B67B004A9337 /* CoreFoundation.framework */; };
		49CC9FE41902B67B004A9337 /* InfoPlist.strings in Resources */ = {isa = PBXBuildFile; fileRef = 49CC9FE21902B67B004A9337 /* InfoPlist.strings */; };
		49CC9FF21902B68A004A9337 /* feat.params in Resources */ = {isa = PBXBuildFile; fileRef = 49CC9FF11902B68A004A9337 /* feat.params */; };
		49CC9FFA1902B694004A9337 /* LanguageModelGeneratorLookupList.text in Resources */ = {isa = PBXBuildFile; fileRef = 49CC9FF31902B694004A9337 /* LanguageModelGeneratorLookupList.text */; };
		49CC9FFB1902B694004A9337 /* mdef in Resources */ = {isa = PBXBuildFile; fileRef = 49CC9FF41902B694004A9337 /* mdef */; };
		49CC9FFC1902B694004A9337 /* means in Resources */ = {isa = PBXBuildFile; fileRef = 49CC9FF51902B694004A9337 /* means */; };
		49CC9FFD1902B694004A9337 /* mixture_weights in Resources */ = {isa = PBXBuildFile; fileRef = 49CC9FF61902B694004A9337 /* mixture_weights */; };
		49CC9FFE1902B694004A9337 /* noisedict in Resources */ = {isa = PBXBuildFile; fileRef = 49CC9FF71902B694004A9337 /* noisedict */; };
		49CC9FFF1902B694004A9337 /* transition_matrices in Resources */ = {isa = PBXBuildFile; fileRef = 49CC9FF81902B694004A9337 /* transition_matrices */; };
		49CCA0001902B694004A9337 /* variances in Resources */ = {isa = PBXBuildFile; fileRef = 49CC9FF91902B694004A9337 /* variances */; };
/* End PBXBuildFile section */

/* Begin PBXFileReference section */
		49CC9FDA1902B67B004A9337 /* AcousticModelHindi.bundle */ = {isa = PBXFileReference; explicitFileType = wrapper.cfbundle; includeInIndex = 0; path = AcousticModelHindi.bundle; sourceTree = BUILT_PRODUCTS_DIR; };
		49CC9FDD1902B67B004A9337 /* CoreFoundation.framework */ = {isa = PBXFileReference; lastKnownFileType = wrapper.framework; name = CoreFoundation.framework; path = System/Library/Frameworks/CoreFoundation.framework; sourceTree = SDKROOT; };
		49CC9FE11902B67B004A9337 /* AcousticModelHindi-Info.plist */ = {isa = PBXFileReference; lastKnownFileType = text.plist.xml; path = "AcousticModelHindi-Info.plist"; sourceTree = "<group>"; };
		49CC9FE31902B67B004A9337 /* en */ = {isa = PBXFileReference; lastKnownFileType = text.plist.strings; name = en; path = en.lproj/InfoPlist.strings; sourceTree = "<group>"; };
		49CC9FE51902B67B004A9337 /* AcousticModelHindi-Prefix.pch */ = {isa = PBXFileReference; lastKnownFileType = sourcecode.c.h; path = "AcousticModelHindi-Prefix.pch"; sourceTree = "<group>"; };
		49CC9FF11902B68A004A9337 /* feat.params */ = {isa = PBXFileReference; fileEncoding = 4; lastKnownFileType = text; path = feat.params; sourceTree = "<group>"; };
		49CC9FF31902B694004A9337 /* LanguageModelGeneratorLookupList.text */ = {isa = PBXFileReference; fileEncoding = 4; lastKnownFileType = text; path = LanguageModelGeneratorLookupList.text; sourceTree = "<group>"; };
		49CC9FF41902B694004A9337 /* mdef */ = {isa = PBXFileReference; fileEncoding = 4; lastKnownFileType = text; path = mdef; sourceTree = "<group>"; };
		49CC9FF51902B694004A9337 /* means */ = {isa = PBXFileReference; lastKnownFileType = file; path = means; sourceTree = "<group>"; };
		49CC9FF61902B694004A9337 /* mixture_weights */ = {isa = PBXFileReference; lastKnownFileType = file; path = mixture_weights; sourceTree = "<group>"; };
		49CC9FF71902B694004A9337 /* noisedict */ = {isa = PBXFileReference; fileEncoding = 4; lastKnownFileType = text; path = noisedict; sourceTree = "<group>"; };
		49CC9FF81902B694004A9337 /* transition_matrices */ = {isa = PBXFileReference; lastKnownFileType = file; path = transition_matrices; sourceTree = "<group>"; };
		49CC9FF91902B694004A9337 /* variances */ = {isa = PBXFileReference; lastKnownFileType = file; path = variances; sourceTree = "<group>"; };
/* End PBXFileReference section */

/* Begin PBXFrameworksBuildPhase section */
		49CC9FD71902B67B004A9337 /* Frameworks */ = {
			isa = PBXFrameworksBuildPhase;
			buildActionMask = 2147483647;
			files = (
				49CC9FDE1902B67B004A9337 /* CoreFoundation.framework in Frameworks */,
			);
			runOnlyForDeploymentPostprocessing = 0;
		};
/* End PBXFrameworksBuildPhase section */

/* Begin PBXGroup section */
		49CC9FD11902B67B004A9337 = {
			isa = PBXGroup;
			children = (
				49CC9FDF1902B67B004A9337 /* AcousticModelHindi */,
				49CC9FDC1902B67B004A9337 /* Frameworks */,
				49CC9FDB1902B67B004A9337 /* Products */,
			);
			sourceTree = "<group>";
		};
		49CC9FDB1902B67B004A9337 /* Products */ = {
			isa = PBXGroup;
			children = (
				49CC9FDA1902B67B004A9337 /* AcousticModelHindi.bundle */,
			);
			name = Products;
			sourceTree = "<group>";
		};
		49CC9FDC1902B67B004A9337 /* Frameworks */ = {
			isa = PBXGroup;
			children = (
				49CC9FDD1902B67B004A9337 /* CoreFoundation.framework */,
			);
			name = Frameworks;
			sourceTree = "<group>";
		};
		49CC9FDF1902B67B004A9337 /* AcousticModelHindi */ = {
			isa = PBXGroup;
			children = (
				49CC9FF11902B68A004A9337 /* feat.params */,
				49CC9FF31902B694004A9337 /* LanguageModelGeneratorLookupList.text */,
				49CC9FF41902B694004A9337 /* mdef */,
				49CC9FF51902B694004A9337 /* means */,
				49CC9FF61902B694004A9337 /* mixture_weights */,
				49CC9FF71902B694004A9337 /* noisedict */,
				49CC9FF81902B694004A9337 /* transition_matrices */,
				49CC9FF91902B694004A9337 /* variances */,
				49CC9FE01902B67B004A9337 /* Supporting Files */,
			);
			path = AcousticModelHindi;
			sourceTree = "<group>";
		};
		49CC9FE01902B67B004A9337 /* Supporting Files */ = {
			isa = PBXGroup;
			children = (
				49CC9FE11902B67B004A9337 /* AcousticModelHindi-Info.plist */,
				49CC9FE21902B67B004A9337 /* InfoPlist.strings */,
				49CC9FE51902B67B004A9337 /* AcousticModelHindi-Prefix.pch */,
			);
			name = "Supporting Files";
			sourceTree = "<group>";
		};
/* End PBXGroup section */

/* Begin PBXNativeTarget section */
		49CC9FD91902B67B004A9337 /* AcousticModelHindi */ = {
			isa = PBXNativeTarget;
			buildConfigurationList = 49CC9FE81902B67B004A9337 /* Build configuration list for PBXNativeTarget "AcousticModelHindi" */;
			buildPhases = (
				49CC9FD61902B67B004A9337 /* Sources */,
				49CC9FD71902B67B004A9337 /* Frameworks */,
				49CC9FD81902B67B004A9337 /* Resources */,
			);
			buildRules = (
			);
			dependencies = (
			);
			name = AcousticModelHindi;
			productName = AcousticModelHindi;
			productReference = 49CC9FDA1902B67B004A9337 /* AcousticModelHindi.bundle */;
			productType = "com.apple.product-type.bundle";
		};
/* End PBXNativeTarget section */

/* Begin PBXProject section */
		49CC9FD21902B67B004A9337 /* Project object */ = {
			isa = PBXProject;
			attributes = {
				LastUpgradeCheck = 0510;
				ORGANIZATIONNAME = "Sumedha Pramod";
			};
			buildConfigurationList = 49CC9FD51902B67B004A9337 /* Build configuration list for PBXProject "AcousticModelHindi" */;
			compatibilityVersion = "Xcode 3.2";
			developmentRegion = English;
			hasScannedForEncodings = 0;
			knownRegions = (
				en,
			);
			mainGroup = 49CC9FD11902B67B004A9337;
			productRefGroup = 49CC9FDB1902B67B004A9337 /* Products */;
			projectDirPath = "";
			projectRoot = "";
			targets = (
				49CC9FD91902B67B004A9337 /* AcousticModelHindi */,
			);
		};
/* End PBXProject section */

/* Begin PBXResourcesBuildPhase section */
		49CC9FD81902B67B004A9337 /* Resources */ = {
			isa = PBXResourcesBuildPhase;
			buildActionMask = 2147483647;
			files = (
				49CC9FFC1902B694004A9337 /* means in Resources */,
				49CC9FFD1902B694004A9337 /* mixture_weights in Resources */,
				49CC9FFE1902B694004A9337 /* noisedict in Resources */,
				49CC9FFB1902B694004A9337 /* mdef in Resources */,
				49CCA0001902B694004A9337 /* variances in Resources */,
				49CC9FE41902B67B004A9337 /* InfoPlist.strings in Resources */,
				49CC9FFF1902B694004A9337 /* transition_matrices in Resources */,
				49CC9FF21902B68A004A9337 /* feat.params in Resources */,
				49CC9FFA1902B694004A9337 /* LanguageModelGeneratorLookupList.text in Resources */,
			);
			runOnlyForDeploymentPostprocessing = 0;
		};
/* End PBXResourcesBuildPhase section */

/* Begin PBXSourcesBuildPhase section */
		49CC9FD61902B67B004A9337 /* Sources */ = {
			isa = PBXSourcesBuildPhase;
			buildActionMask = 2147483647;
			files = (
			);
			runOnlyForDeploymentPostprocessing = 0;
		};
/* End PBXSourcesBuildPhase section */

/* Begin PBXVariantGroup section */
		49CC9FE21902B67B004A9337 /* InfoPlist.strings */ = {
			isa = PBXVariantGroup;
			children = (
				49CC9FE31902B67B004A9337 /* en */,
			);
			name = InfoPlist.strings;
			sourceTree = "<group>";
		};
/* End PBXVariantGroup section */

/* Begin XCBuildConfiguration section */
		49CC9FE61902B67B004A9337 /* Debug */ = {
			isa = XCBuildConfiguration;
			buildSettings = {
				ALWAYS_SEARCH_USER_PATHS = NO;
				CLANG_CXX_LANGUAGE_STANDARD = "gnu++0x";
				CLANG_CXX_LIBRARY = "libc++";
				CLANG_ENABLE_MODULES = YES;
				CLANG_ENABLE_OBJC_ARC = YES;
				CLANG_WARN_BOOL_CONVERSION = YES;
				CLANG_WARN_CONSTANT_CONVERSION = YES;
				CLANG_WARN_DIRECT_OBJC_ISA_USAGE = YES_ERROR;
				CLANG_WARN_EMPTY_BODY = YES;
				CLANG_WARN_ENUM_CONVERSION = YES;
				CLANG_WARN_INT_CONVERSION = YES;
				CLANG_WARN_OBJC_ROOT_CLASS = YES_ERROR;
				CLANG_WARN__DUPLICATE_METHOD_MATCH = YES;
				COPY_PHASE_STRIP = NO;
				GCC_C_LANGUAGE_STANDARD = gnu99;
				GCC_DYNAMIC_NO_PIC = NO;
				GCC_ENABLE_OBJC_EXCEPTIONS = YES;
				GCC_OPTIMIZATION_LEVEL = 0;
				GCC_PREPROCESSOR_DEFINITIONS = (
					"DEBUG=1",
					"$(inherited)",
				);
				GCC_SYMBOLS_PRIVATE_EXTERN = NO;
				GCC_WARN_64_TO_32_BIT_CONVERSION = YES;
				GCC_WARN_ABOUT_RETURN_TYPE = YES_ERROR;
				GCC_WARN_UNDECLARED_SELECTOR = YES;
				GCC_WARN_UNINITIALIZED_AUTOS = YES_AGGRESSIVE;
				GCC_WARN_UNUSED_FUNCTION = YES;
				GCC_WARN_UNUSED_VARIABLE = YES;
				MACOSX_DEPLOYMENT_TARGET = 10.9;
				ONLY_ACTIVE_ARCH = YES;
				SDKROOT = macosx;
			};
			name = Debug;
		};
		49CC9FE71902B67B004A9337 /* Release */ = {
			isa = XCBuildConfiguration;
			buildSettings = {
				ALWAYS_SEARCH_USER_PATHS = NO;
				CLANG_CXX_LANGUAGE_STANDARD = "gnu++0x";
				CLANG_CXX_LIBRARY = "libc++";
				CLANG_ENABLE_MODULES = YES;
				CLANG_ENABLE_OBJC_ARC = YES;
				CLANG_WARN_BOOL_CONVERSION = YES;
				CLANG_WARN_CONSTANT_CONVERSION = YES;
				CLANG_WARN_DIRECT_OBJC_ISA_USAGE = YES_ERROR;
				CLANG_WARN_EMPTY_BODY = YES;
				CLANG_WARN_ENUM_CONVERSION = YES;
				CLANG_WARN_INT_CONVERSION = YES;
				CLANG_WARN_OBJC_ROOT_CLASS = YES_ERROR;
				CLANG_WARN__DUPLICATE_METHOD_MATCH = YES;
				COPY_PHASE_STRIP = YES;
				DEBUG_INFORMATION_FORMAT = "dwarf-with-dsym";
				ENABLE_NS_ASSERTIONS = NO;
				GCC_C_LANGUAGE_STANDARD = gnu99;
				GCC_ENABLE_OBJC_EXCEPTIONS = YES;
				GCC_WARN_64_TO_32_BIT_CONVERSION = YES;
				GCC_WARN_ABOUT_RETURN_TYPE = YES_ERROR;
				GCC_WARN_UNDECLARED_SELECTOR = YES;
				GCC_WARN_UNINITIALIZED_AUTOS = YES_AGGRESSIVE;
				GCC_WARN_UNUSED_FUNCTION = YES;
				GCC_WARN_UNUSED_VARIABLE = YES;
				MACOSX_DEPLOYMENT_TARGET = 10.9;
				SDKROOT = macosx;
			};
			name = Release;
		};
		49CC9FE91902B67B004A9337 /* Debug */ = {
			isa = XCBuildConfiguration;
			buildSettings = {
				COMBINE_HIDPI_IMAGES = YES;
				GCC_PRECOMPILE_PREFIX_HEADER = YES;
				GCC_PREFIX_HEADER = "AcousticModelHindi/AcousticModelHindi-Prefix.pch";
				INFOPLIST_FILE = "AcousticModelHindi/AcousticModelHindi-Info.plist";
				INSTALL_PATH = "$(LOCAL_LIBRARY_DIR)/Bundles";
				PRODUCT_NAME = "$(TARGET_NAME)";
				WRAPPER_EXTENSION = bundle;
			};
			name = Debug;
		};
		49CC9FEA1902B67B004A9337 /* Release */ = {
			isa = XCBuildConfiguration;
			buildSettings = {
				COMBINE_HIDPI_IMAGES = YES;
				GCC_PRECOMPILE_PREFIX_HEADER = YES;
				GCC_PREFIX_HEADER = "AcousticModelHindi/AcousticModelHindi-Prefix.pch";
				INFOPLIST_FILE = "AcousticModelHindi/AcousticModelHindi-Info.plist";
				INSTALL_PATH = "$(LOCAL_LIBRARY_DIR)/Bundles";
				PRODUCT_NAME = "$(TARGET_NAME)";
				WRAPPER_EXTENSION = bundle;
			};
			name = Release;
		};
/* End XCBuildConfiguration section */

/* Begin XCConfigurationList section */
		49CC9FD51902B67B004A9337 /* Build configuration list for PBXProject "AcousticModelHindi" */ = {
			isa = XCConfigurationList;
			buildConfigurations = (
				49CC9FE61902B67B004A9337 /* Debug */,
				49CC9FE71902B67B004A9337 /* Release */,
			);
			defaultConfigurationIsVisible = 0;
			defaultConfigurationName = Release;
		};
		49CC9FE81902B67B004A9337 /* Build configuration list for PBXNativeTarget "AcousticModelHindi" */ = {
			isa = XCConfigurationList;
			buildConfigurations = (
				49CC9FE91902B67B004A9337 /* Debug */,
				49CC9FEA1902B67B004A9337 /* Release */,
			);
			defaultConfigurationIsVisible = 0;
		};
/* End XCConfigurationList section */
	};
	rootObject = 49CC9FD21902B67B004A9337 /* Project object */;
}
